{
  "name": "vietpq-zalo-backend-helpers",
  "lockfileVersion": 3,
  "requires": true,
  "packages": {
    "": {
      "name": "vietpq-zalo-backend-helpers",
      "dependencies": {
        "image-size": "^2.0.2",
        "zca-js": "file:../zca-js"
      }
    },
    "../zca-js": {
      "version": "2.1.2",
      "license": "MIT",
      "dependencies": {
        "crypto-js": "^4.2.0",
        "form-data": "^4.0.4",
        "json-bigint": "^1.0.0",
        "pako": "^2.1.0",
        "semver": "^7.6.3",
        "spark-md5": "^3.0.2",
        "tough-cookie": "^5.0.0",
        "ws": "^8.18.0"
      },
      "devDependencies": {
        "@eslint/js": "^9.34.0",
        "@rollup/plugin-typescript": "^12.1.0",
        "@types/bun": "^1.1.14",
        "@types/crypto-js": "^4.2.2",
        "@types/json-bigint": "^1.0.4",
        "@types/node": "^20.14.10",
        "@types/pako": "^2.0.3",
        "@types/semver": "^7.5.8",
        "@types/spark-md5": "^3.0.4",
        "@types/ws": "^8.5.11",
        "eslint": "^9.34.0",
        "globals": "^16.3.0",
        "husky": "^9.1.7",
        "lint-staged": "^16.1.5",
        "prettier": "^3.3.3",
        "rimraf": "^5.0.10",
        "rollup": "^4.24.0",
        "typescript": "^5.5.3",
        "typescript-eslint": "^8.41.0"
      },
      "engines": {
        "node": ">=18.0.0"
      }
    },
    "node_modules/image-size": {
      "version": "2.0.2",
      "resolved": "https://registry.npmjs.org/image-size/-/image-size-2.0.2.tgz",
      "integrity": "sha512-IRqXKlaXwgSMAMtpNzZa1ZAe8m+Sa1770Dhk8VkSsP9LS+iHD62Zd8FQKs8fbPiagBE7BzoFX23cxFnwshpV6w==",
      "license": "MIT",
      "bin": {
        "image-size": "bin/image-size.js"
      },
      "engines": {
        "node": ">=16.x"
      }
    },
    "node_modules/zca-js": {
      "resolved": "../zca-js",
      "link": true
    }
  }
}
